
Microsoft Visual Studio Solution File, Format Version 10.00
# Visual Studio 2008
Project("{8BC9CEB8-8B4A-11D0-8D11-00A0C91BC942}") = "nphelloplugin", "nphelloplugin\nphelloplugin.vcproj", "{FAEC2286-1AAD-4B8A-BD36-B85753310093}"
EndProject
Global
	GlobalSection(SolutionConfigurationPlatforms) = preSolution
		Debug|Win32 = Debug|Win32
		Release|Win32 = Release|Win32
	EndGlobalSection
	GlobalSection(ProjectConfigurationPlatforms) = postSolution
		{FAEC2286-1AAD-4B8A-BD36-B85753310093}.Debug|Win32.ActiveCfg = Debug|Win32
		{FAEC2286-1AAD-4B8A-BD36-B85753310093}.Debug|Win32.Build.0 = Debug|Win32
		{FAEC2286-1AAD-4B8A-BD36-B85753310093}.Release|Win32.ActiveCfg = Release|Win32
		{FAEC2286-1AAD-4B8A-BD36-B85753310093}.Release|Win32.Build.0 = Release|Win32
	EndGlobalSection
	GlobalSection(SolutionProperties) = preSolution
		HideSolutionNode = FALSE
	EndGlobalSection
EndGlobal
